// !$*UTF8*$!
{
	archiveVersion = 1;
	classes = {
	};
	objectVersion = 77;
	objects = {

/* Begin PBXBuildFile section */
		013D6EC0EF16E16C2FE3C225 /* AppSettings.swift in Sources */ = {isa = PBXBuildFile; fileRef = 3D5F0BF5D98F005AD3FA81CD /* AppSettings.swift */; };
		1F2F03F115870B450642178A /* SmokeTests.swift in Sources */ = {isa = PBXBuildFile; fileRef = FCD2E658DA9B61B2A8AA2D3A /* SmokeTests.swift */; };
		2DEF00A3014F96D514E22A21 /* LeofricAPI.swift in Sources */ = {isa = PBXBuildFile; fileRef = 3B1A61A06E15DCA1B8D39F7F /* LeofricAPI.swift */; };
		2EB6A82443A24BA8FD578E90 /* NodeStatus.swift in Sources */ = {isa = PBXBuildFile; fileRef = F9C0BE8774C27A641AD7CC12 /* NodeStatus.swift */; };
		8482F070C7FA10995216FCD8 /* LeofricApp.swift in Sources */ = {isa = PBXBuildFile; fileRef = 40B80B7DF756E4A07B0F7649 /* LeofricApp.swift */; };
		8E20D9195783BB5A9C0E4129 /* LeofricAPITests.swift in Sources */ = {isa = PBXBuildFile; fileRef = EE68ECFAABF4588B3DB4D95B /* LeofricAPITests.swift */; };
		B4598A1BA7A32E90B79B275D /* MJPEGStreamReader.swift in Sources */ = {isa = PBXBuildFile; fileRef = 11FBD9CE2D88DB46CF20D73C /* MJPEGStreamReader.swift */; };
		DF0306E6B01713E916BEA840 /* Assets.xcassets in Resources */ = {isa = PBXBuildFile; fileRef = 8C307207B882CBB2955008D5 /* Assets.xcassets */; };
		F43F84420BF678B400FC9435 /* AppSettingsTests.swift in Sources */ = {isa = PBXBuildFile; fileRef = 4803BD455BF0B806F87F664F /* AppSettingsTests.swift */; };
		F875A5D7D945D9A90D763C02 /* MJPEGStreamReaderTests.swift in Sources */ = {isa = PBXBuildFile; fileRef = A11788988102C5F223F31EB6 /* MJPEGStreamReaderTests.swift */; };
/* End PBXBuildFile section */

/* Begin PBXContainerItemProxy section */
		1E895249DB551939C2D65E29 /* PBXContainerItemProxy */ = {
			isa = PBXContainerItemProxy;
			containerPortal = 5BE5D80916082EF6FC489498 /* Project object */;
			proxyType = 1;
			remoteGlobalIDString = 5381046CEA422F550C5F4248;
			remoteInfo = LeofricApp;
		};
/* End PBXContainerItemProxy section */

/* Begin PBXFileReference section */
		11FBD9CE2D88DB46CF20D73C /* MJPEGStreamReader.swift */ = {isa = PBXFileReference; lastKnownFileType = sourcecode.swift; path = MJPEGStreamReader.swift; sourceTree = "<group>"; };
		3B1A61A06E15DCA1B8D39F7F /* LeofricAPI.swift */ = {isa = PBXFileReference; lastKnownFileType = sourcecode.swift; path = LeofricAPI.swift; sourceTree = "<group>"; };
		3D5F0BF5D98F005AD3FA81CD /* AppSettings.swift */ = {isa = PBXFileReference; lastKnownFileType = sourcecode.swift; path = AppSettings.swift; sourceTree = "<group>"; };
		40B80B7DF756E4A07B0F7649 /* LeofricApp.swift */ = {isa = PBXFileReference; lastKnownFileType = sourcecode.swift; path = LeofricApp.swift; sourceTree = "<group>"; };
		40CA773A1679A40EE927DFAE /* Info.plist */ = {isa = PBXFileReference; lastKnownFileType = text.plist; path = Info.plist; sourceTree = "<group>"; };
		4803BD455BF0B806F87F664F /* AppSettingsTests.swift */ = {isa = PBXFileReference; lastKnownFileType = sourcecode.swift; path = AppSettingsTests.swift; sourceTree = "<group>"; };
		5A9C49C80FE667C532AEAE36 /* LeofricAppTests.xctest */ = {isa = PBXFileReference; includeInIndex = 0; lastKnownFileType = wrapper.cfbundle; path = LeofricAppTests.xctest; sourceTree = BUILT_PRODUCTS_DIR; };
		6E17449B830705D3A9ED1C84 /* LeofricApp.app */ = {isa = PBXFileReference; includeInIndex = 0; lastKnownFileType = wrapper.application; path = LeofricApp.app; sourceTree = BUILT_PRODUCTS_DIR; };
		8C307207B882CBB2955008D5 /* Assets.xcassets */ = {isa = PBXFileReference; lastKnownFileType = folder.assetcatalog; path = Assets.xcassets; sourceTree = "<group>"; };
		A11788988102C5F223F31EB6 /* MJPEGStreamReaderTests.swift */ = {isa = PBXFileReference; lastKnownFileType = sourcecode.swift; path = MJPEGStreamReaderTests.swift; sourceTree = "<group>"; };
		EE68ECFAABF4588B3DB4D95B /* LeofricAPITests.swift */ = {isa = PBXFileReference; lastKnownFileType = sourcecode.swift; path = LeofricAPITests.swift; sourceTree = "<group>"; };
		F9C0BE8774C27A641AD7CC12 /* NodeStatus.swift */ = {isa = PBXFileReference; lastKnownFileType = sourcecode.swift; path = NodeStatus.swift; sourceTree = "<group>"; };
		FCD2E658DA9B61B2A8AA2D3A /* SmokeTests.swift */ = {isa = PBXFileReference; lastKnownFileType = sourcecode.swift; path = SmokeTests.swift; sourceTree = "<group>"; };
/* End PBXFileReference section */

/* Begin PBXGroup section */
		0AA0F1698B8C0916019025A9 /* Streaming */ = {
			isa = PBXGroup;
			children = (
				11FBD9CE2D88DB46CF20D73C /* MJPEGStreamReader.swift */,
			);
			path = Streaming;
			sourceTree = "<group>";
		};
		3F5C698B1B9DD641A4EF6076 /* LeofricAppTests */ = {
			isa = PBXGroup;
			children = (
				4803BD455BF0B806F87F664F /* AppSettingsTests.swift */,
				EE68ECFAABF4588B3DB4D95B /* LeofricAPITests.swift */,
				A11788988102C5F223F31EB6 /* MJPEGStreamReaderTests.swift */,
				FCD2E658DA9B61B2A8AA2D3A /* SmokeTests.swift */,
			);
			path = LeofricAppTests;
			sourceTree = "<group>";
		};
		6784FDDD8A26D8AD939F869A = {
			isa = PBXGroup;
			children = (
				B9592B3A5A4FD04C865BA250 /* LeofricApp */,
				3F5C698B1B9DD641A4EF6076 /* LeofricAppTests */,
				CC387BC7B1B6F55828F1C284 /* Products */,
			);
			sourceTree = "<group>";
		};
		840E97178946DE6A743D7AE4 /* Models */ = {
			isa = PBXGroup;
			children = (
				F9C0BE8774C27A641AD7CC12 /* NodeStatus.swift */,
			);
			path = Models;
			sourceTree = "<group>";
		};
		B9592B3A5A4FD04C865BA250 /* LeofricApp */ = {
			isa = PBXGroup;
			children = (
				8C307207B882CBB2955008D5 /* Assets.xcassets */,
				40CA773A1679A40EE927DFAE /* Info.plist */,
				40B80B7DF756E4A07B0F7649 /* LeofricApp.swift */,
				840E97178946DE6A743D7AE4 /* Models */,
				D50D2081B9C961533BCAECCA /* Networking */,
				C6408F15B6FAEEBD37CD8180 /* Settings */,
				0AA0F1698B8C0916019025A9 /* Streaming */,
			);
			path = LeofricApp;
			sourceTree = "<group>";
		};
		C6408F15B6FAEEBD37CD8180 /* Settings */ = {
			isa = PBXGroup;
			children = (
				3D5F0BF5D98F005AD3FA81CD /* AppSettings.swift */,
			);
			path = Settings;
			sourceTree = "<group>";
		};
		CC387BC7B1B6F55828F1C284 /* Products */ = {
			isa = PBXGroup;
			children = (
				6E17449B830705D3A9ED1C84 /* LeofricApp.app */,
				5A9C49C80FE667C532AEAE36 /* LeofricAppTests.xctest */,
			);
			name = Products;
			sourceTree = "<group>";
		};
		D50D2081B9C961533BCAECCA /* Networking */ = {
			isa = PBXGroup;
			children = (
				3B1A61A06E15DCA1B8D39F7F /* LeofricAPI.swift */,
			);
			path = Networking;
			sourceTree = "<group>";
		};
/* End PBXGroup section */

/* Begin PBXNativeTarget section */
		5381046CEA422F550C5F4248 /* LeofricApp */ = {
			isa = PBXNativeTarget;
			buildConfigurationList = 7CEC99591F614EC7243FAF7D /* Build configuration list for PBXNativeTarget "LeofricApp" */;
			buildPhases = (
				E3697DC5C8518D25BE53542E /* Sources */,
				6414F309B561C6E5989F214C /* Resources */,
			);
			buildRules = (
			);
			dependencies = (
			);
			name = LeofricApp;
			packageProductDependencies = (
			);
			productName = LeofricApp;
			productReference = 6E17449B830705D3A9ED1C84 /* LeofricApp.app */;
			productType = "com.apple.product-type.application";
		};
		C1E7CEB89F85286BB5BD3E5F /* LeofricAppTests */ = {
			isa = PBXNativeTarget;
			buildConfigurationList = 5658029A275B4DD32B7D3BB6 /* Build configuration list for PBXNativeTarget "LeofricAppTests" */;
			buildPhases = (
				A8F7DB4BAB88573AFC0CE8A9 /* Sources */,
			);
			buildRules = (
			);
			dependencies = (
				3323B46E90D2872C22FB0A8B /* PBXTargetDependency */,
			);
			name = LeofricAppTests;
			packageProductDependencies = (
			);
			productName = LeofricAppTests;
			productReference = 5A9C49C80FE667C532AEAE36 /* LeofricAppTests.xctest */;
			productType = "com.apple.product-type.bundle.unit-test";
		};
/* End PBXNativeTarget section */

/* Begin PBXProject section */
		5BE5D80916082EF6FC489498 /* Project object */ = {
			isa = PBXProject;
			attributes = {
				BuildIndependentTargetsInParallel = YES;
				LastUpgradeCheck = 1430;
				TargetAttributes = {
					5381046CEA422F550C5F4248 = {
						ProvisioningStyle = Automatic;
					};
					C1E7CEB89F85286BB5BD3E5F = {
						ProvisioningStyle = Automatic;
					};
				};
			};
			buildConfigurationList = BB6D68997CD7461F7BE5FEF0 /* Build configuration list for PBXProject "LeofricApp" */;
			developmentRegion = en;
			hasScannedForEncodings = 0;
			knownRegions = (
				Base,
				en,
			);
			mainGroup = 6784FDDD8A26D8AD939F869A;
			minimizedProjectReferenceProxies = 1;
			preferredProjectObjectVersion = 77;
			productRefGroup = CC387BC7B1B6F55828F1C284 /* Products */;
			projectDirPath = "";
			projectRoot = "";
			targets = (
				5381046CEA422F550C5F4248 /* LeofricApp */,
				C1E7CEB89F85286BB5BD3E5F /* LeofricAppTests */,
			);
		};
/* End PBXProject section */

/* Begin PBXResourcesBuildPhase section */
		6414F309B561C6E5989F214C /* Resources */ = {
			isa = PBXResourcesBuildPhase;
			buildActionMask = 2147483647;
			files = (
				DF0306E6B01713E916BEA840 /* Assets.xcassets in Resources */,
			);
			runOnlyForDeploymentPostprocessing = 0;
		};
/* End PBXResourcesBuildPhase section */

/* Begin PBXSourcesBuildPhase section */
		A8F7DB4BAB88573AFC0CE8A9 /* Sources */ = {
			isa = PBXSourcesBuildPhase;
			buildActionMask = 2147483647;
			files = (
				F43F84420BF678B400FC9435 /* AppSettingsTests.swift in Sources */,
				8E20D9195783BB5A9C0E4129 /* LeofricAPITests.swift in Sources */,
				F875A5D7D945D9A90D763C02 /* MJPEGStreamReaderTests.swift in Sources */,
				1F2F03F115870B450642178A /* SmokeTests.swift in Sources */,
			);
			runOnlyForDeploymentPostprocessing = 0;
		};
		E3697DC5C8518D25BE53542E /* Sources */ = {
			isa = PBXSourcesBuildPhase;
			buildActionMask = 2147483647;
			files = (
				013D6EC0EF16E16C2FE3C225 /* AppSettings.swift in Sources */,
				2DEF00A3014F96D514E22A21 /* LeofricAPI.swift in Sources */,
				8482F070C7FA10995216FCD8 /* LeofricApp.swift in Sources */,
				B4598A1BA7A32E90B79B275D /* MJPEGStreamReader.swift in Sources */,
				2EB6A82443A24BA8FD578E90 /* NodeStatus.swift in Sources */,
			);
			runOnlyForDeploymentPostprocessing = 0;
		};
/* End PBXSourcesBuildPhase section */

/* Begin PBXTargetDependency section */
		3323B46E90D2872C22FB0A8B /* PBXTargetDependency */ = {
			isa = PBXTargetDependency;
			target = 5381046CEA422F550C5F4248 /* LeofricApp */;
			targetProxy = 1E895249DB551939C2D65E29 /* PBXContainerItemProxy */;
		};
/* End PBXTargetDependency section */

/* Begin XCBuildConfiguration section */
		16ED325E46102E51A1074FF1 /* Release */ = {
			isa = XCBuildConfiguration;
			buildSettings = {
				BUNDLE_LOADER = "$(TEST_HOST)";
				GENERATE_INFOPLIST_FILE = YES;
				LD_RUNPATH_SEARCH_PATHS = (
					"$(inherited)",
					"@executable_path/Frameworks",
					"@loader_path/Frameworks",
				);
				PRODUCT_BUNDLE_IDENTIFIER = com.danefroelicher.LeofricAppTests;
				SDKROOT = iphoneos;
				TARGETED_DEVICE_FAMILY = "1,2";
				TEST_HOST = "$(BUILT_PRODUCTS_DIR)/LeofricApp.app/LeofricApp";
			};
			name = Release;
		};
		5087FDD99EC9CE40CEC92456 /* Debug */ = {
			isa = XCBuildConfiguration;
			buildSettings = {
				ALWAYS_SEARCH_USER_PATHS = NO;
				CLANG_ANALYZER_NONNULL = YES;
				CLANG_ANALYZER_NUMBER_OBJECT_CONVERSION = YES_AGGRESSIVE;
				CLANG_CXX_LANGUAGE_STANDARD = "gnu++14";
				CLANG_CXX_LIBRARY = "libc++";
				CLANG_ENABLE_MODULES = YES;
				CLANG_ENABLE_OBJC_ARC = YES;
				CLANG_ENABLE_OBJC_WEAK = YES;
				CLANG_WARN_BLOCK_CAPTURE_AUTORELEASING = YES;
				CLANG_WARN_BOOL_CONVERSION = YES;
				CLANG_WARN_COMMA = YES;
				CLANG_WARN_CONSTANT_CONVERSION = YES;
				CLANG_WARN_DEPRECATED_OBJC_IMPLEMENTATIONS = YES;
				CLANG_WARN_DIRECT_OBJC_ISA_USAGE = YES_ERROR;
				CLANG_WARN_DOCUMENTATION_COMMENTS = YES;
				CLANG_WARN_EMPTY_BODY = YES;
				CLANG_WARN_ENUM_CONVERSION = YES;
				CLANG_WARN_INFINITE_RECURSION = YES;
				CLANG_WARN_INT_CONVERSION = YES;
				CLANG_WARN_NON_LITERAL_NULL_CONVERSION = YES;
				CLANG_WARN_OBJC_IMPLICIT_RETAIN_SELF = YES;
				CLANG_WARN_OBJC_LITERAL_CONVERSION = YES;
				CLANG_WARN_OBJC_ROOT_CLASS = YES_ERROR;
				CLANG_WARN_QUOTED_INCLUDE_IN_FRAMEWORK_HEADER = YES;
				CLANG_WARN_RANGE_LOOP_ANALYSIS = YES;
				CLANG_WARN_STRICT_PROTOTYPES = YES;
				CLANG_WARN_SUSPICIOUS_MOVE = YES;
				CLANG_WARN_UNGUARDED_AVAILABILITY = YES_AGGRESSIVE;
				CLANG_WARN_UNREACHABLE_CODE = YES;
				CLANG_WARN__DUPLICATE_METHOD_MATCH = YES;
				CODE_SIGN_STYLE = Automatic;
				COPY_PHASE_STRIP = NO;
				DEBUG_INFORMATION_FORMAT = dwarf;
				ENABLE_STRICT_OBJC_MSGSEND = YES;
				ENABLE_TESTABILITY = YES;
				GCC_C_LANGUAGE_STANDARD = gnu11;
				GCC_DYNAMIC_NO_PIC = NO;
				GCC_NO_COMMON_BLOCKS = YES;
				GCC_OPTIMIZATION_LEVEL = 0;
				GCC_PREPROCESSOR_DEFINITIONS = (
					"$(inherited)",
					"DEBUG=1",
				);
				GCC_WARN_64_TO_32_BIT_CONVERSION = YES;
				GCC_WARN_ABOUT_RETURN_TYPE = YES_ERROR;
				GCC_WARN_UNDECLARED_SELECTOR = YES;
				GCC_WARN_UNINITIALIZED_AUTOS = YES_AGGRESSIVE;
				GCC_WARN_UNUSED_FUNCTION = YES;
				GCC_WARN_UNUSED_VARIABLE = YES;
				IPHONEOS_DEPLOYMENT_TARGET = 17.0;
				MTL_ENABLE_DEBUG_INFO = INCLUDE_SOURCE;
				MTL_FAST_MATH = YES;
				ONLY_ACTIVE_ARCH = YES;
				PRODUCT_NAME = "$(TARGET_NAME)";
				SDKROOT = iphoneos;
				SWIFT_ACTIVE_COMPILATION_CONDITIONS = DEBUG;
				SWIFT_OPTIMIZATION_LEVEL = "-Onone";
				SWIFT_VERSION = 5.0;
			};
			name = Debug;
		};
		82E7264AACE19BE76FFB58C5 /* Debug */ = {
			isa = XCBuildConfiguration;
			buildSettings = {
				ASSETCATALOG_COMPILER_APPICON_NAME = AppIcon;
				CODE_SIGN_IDENTITY = "iPhone Developer";
				INFOPLIST_FILE = LeofricApp/Info.plist;
				LD_RUNPATH_SEARCH_PATHS = (
					"$(inherited)",
					"@executable_path/Frameworks",
				);
				PRODUCT_BUNDLE_IDENTIFIER = com.danefroelicher.Leofric;
				SDKROOT = iphoneos;
				TARGETED_DEVICE_FAMILY = 1;
			};
			name = Debug;
		};
		BC4CAACF5325DC6216303565 /* Release */ = {
			isa = XCBuildConfiguration;
			buildSettings = {
				ASSETCATALOG_COMPILER_APPICON_NAME = AppIcon;
				CODE_SIGN_IDENTITY = "iPhone Developer";
				INFOPLIST_FILE = LeofricApp/Info.plist;
				LD_RUNPATH_SEARCH_PATHS = (
					"$(inherited)",
					"@executable_path/Frameworks",
				);
				PRODUCT_BUNDLE_IDENTIFIER = com.danefroelicher.Leofric;
				SDKROOT = iphoneos;
				TARGETED_DEVICE_FAMILY = 1;
			};
			name = Release;
		};
		BDF9B37B6C467C8B8FD4BB83 /* Release */ = {
			isa = XCBuildConfiguration;
			buildSettings = {
				ALWAYS_SEARCH_USER_PATHS = NO;
				CLANG_ANALYZER_NONNULL = YES;
				CLANG_ANALYZER_NUMBER_OBJECT_CONVERSION = YES_AGGRESSIVE;
				CLANG_CXX_LANGUAGE_STANDARD = "gnu++14";
				CLANG_CXX_LIBRARY = "libc++";
				CLANG_ENABLE_MODULES = YES;
				CLANG_ENABLE_OBJC_ARC = YES;
				CLANG_ENABLE_OBJC_WEAK = YES;
				CLANG_WARN_BLOCK_CAPTURE_AUTORELEASING = YES;
				CLANG_WARN_BOOL_CONVERSION = YES;
				CLANG_WARN_COMMA = YES;
				CLANG_WARN_CONSTANT_CONVERSION = YES;
				CLANG_WARN_DEPRECATED_OBJC_IMPLEMENTATIONS = YES;
				CLANG_WARN_DIRECT_OBJC_ISA_USAGE = YES_ERROR;
				CLANG_WARN_DOCUMENTATION_COMMENTS = YES;
				CLANG_WARN_EMPTY_BODY = YES;
				CLANG_WARN_ENUM_CONVERSION = YES;
				CLANG_WARN_INFINITE_RECURSION = YES;
				CLANG_WARN_INT_CONVERSION = YES;
				CLANG_WARN_NON_LITERAL_NULL_CONVERSION = YES;
				CLANG_WARN_OBJC_IMPLICIT_RETAIN_SELF = YES;
				CLANG_WARN_OBJC_LITERAL_CONVERSION = YES;
				CLANG_WARN_OBJC_ROOT_CLASS = YES_ERROR;
				CLANG_WARN_QUOTED_INCLUDE_IN_FRAMEWORK_HEADER = YES;
				CLANG_WARN_RANGE_LOOP_ANALYSIS = YES;
				CLANG_WARN_STRICT_PROTOTYPES = YES;
				CLANG_WARN_SUSPICIOUS_MOVE = YES;
				CLANG_WARN_UNGUARDED_AVAILABILITY = YES_AGGRESSIVE;
				CLANG_WARN_UNREACHABLE_CODE = YES;
				CLANG_WARN__DUPLICATE_METHOD_MATCH = YES;
				CODE_SIGN_STYLE = Automatic;
				COPY_PHASE_STRIP = NO;
				DEBUG_INFORMATION_FORMAT = "dwarf-with-dsym";
				ENABLE_NS_ASSERTIONS = NO;
				ENABLE_STRICT_OBJC_MSGSEND = YES;
				GCC_C_LANGUAGE_STANDARD = gnu11;
				GCC_NO_COMMON_BLOCKS = YES;
				GCC_WARN_64_TO_32_BIT_CONVERSION = YES;
				GCC_WARN_ABOUT_RETURN_TYPE = YES_ERROR;
				GCC_WARN_UNDECLARED_SELECTOR = YES;
				GCC_WARN_UNINITIALIZED_AUTOS = YES_AGGRESSIVE;
				GCC_WARN_UNUSED_FUNCTION = YES;
				GCC_WARN_UNUSED_VARIABLE = YES;
				IPHONEOS_DEPLOYMENT_TARGET = 17.0;
				MTL_ENABLE_DEBUG_INFO = NO;
				MTL_FAST_MATH = YES;
				PRODUCT_NAME = "$(TARGET_NAME)";
				SDKROOT = iphoneos;
				SWIFT_COMPILATION_MODE = wholemodule;
				SWIFT_OPTIMIZATION_LEVEL = "-O";
				SWIFT_VERSION = 5.0;
			};
			name = Release;
		};
		DB88C00AA251409E7A501F9F /* Debug */ = {
			isa = XCBuildConfiguration;
			buildSettings = {
				BUNDLE_LOADER = "$(TEST_HOST)";
				GENERATE_INFOPLIST_FILE = YES;
				LD_RUNPATH_SEARCH_PATHS = (
					"$(inherited)",
					"@executable_path/Frameworks",
					"@loader_path/Frameworks",
				);
				PRODUCT_BUNDLE_IDENTIFIER = com.danefroelicher.LeofricAppTests;
				SDKROOT = iphoneos;
				TARGETED_DEVICE_FAMILY = "1,2";
				TEST_HOST = "$(BUILT_PRODUCTS_DIR)/LeofricApp.app/LeofricApp";
			};
			name = Debug;
		};
/* End XCBuildConfiguration section */

/* Begin XCConfigurationList section */
		5658029A275B4DD32B7D3BB6 /* Build configuration list for PBXNativeTarget "LeofricAppTests" */ = {
			isa = XCConfigurationList;
			buildConfigurations = (
				DB88C00AA251409E7A501F9F /* Debug */,
				16ED325E46102E51A1074FF1 /* Release */,
			);
			defaultConfigurationIsVisible = 0;
			defaultConfigurationName = Debug;
		};
		7CEC99591F614EC7243FAF7D /* Build configuration list for PBXNativeTarget "LeofricApp" */ = {
			isa = XCConfigurationList;
			buildConfigurations = (
				82E7264AACE19BE76FFB58C5 /* Debug */,
				BC4CAACF5325DC6216303565 /* Release */,
			);
			defaultConfigurationIsVisible = 0;
			defaultConfigurationName = Debug;
		};
		BB6D68997CD7461F7BE5FEF0 /* Build configuration list for PBXProject "LeofricApp" */ = {
			isa = XCConfigurationList;
			buildConfigurations = (
				5087FDD99EC9CE40CEC92456 /* Debug */,
				BDF9B37B6C467C8B8FD4BB83 /* Release */,
			);
			defaultConfigurationIsVisible = 0;
			defaultConfigurationName = Debug;
		};
/* End XCConfigurationList section */
	};
	rootObject = 5BE5D80916082EF6FC489498 /* Project object */;
}
