// !$*UTF8*$!
{
	archiveVersion = 1;
	classes = {
	};
	objectVersion = 77;
	objects = {

/* Begin PBXBuildFile section */
		013D6EC0EF16E16C2FE3C225 /* AppSettings.swift in Sources */ = {isa = PBXBuildFile; fileRef = 3D5F0BF5D98F005AD3FA81CD /* AppSettings.swift */; };
		0302DD2FD07EB7692A32A053 /* LeofricEvent.swift in Sources */ = {isa = PBXBuildFile; fileRef = 9CF35B036CCD194095EA2D78 /* LeofricEvent.swift */; };
		0663FD07DB20DBD8B9483431 /* RootTabView.swift in Sources */ = {isa = PBXBuildFile; fileRef = DFBD8D64C108A44C6CA9E05B /* RootTabView.swift */; };
		1F2F03F115870B450642178A /* SmokeTests.swift in Sources */ = {isa = PBXBuildFile; fileRef = FCD2E658DA9B61B2A8AA2D3A /* SmokeTests.swift */; };
		25B7CF72D6C379B94B8B775F /* NodesView.swift in Sources */ = {isa = PBXBuildFile; fileRef = B4669A84F6FC6DCE6E82FB77 /* NodesView.swift */; };
		26A9BAD6E20470C1FD4D3FC6 /* LeofricStore.swift in Sources */ = {isa = PBXBuildFile; fileRef = B670A56AC6A88B38B21BCBE4 /* LeofricStore.swift */; };
		299C3847682A0403B359FDCE /* ImageCache.swift in Sources */ = {isa = PBXBuildFile; fileRef = C3568B7B419F0410106892F0 /* ImageCache.swift */; };
		2BD7281FA81E5ACF6190CD17 /* PushRegistrar.swift in Sources */ = {isa = PBXBuildFile; fileRef = 6B9CC9F13831A8506447E9ED /* PushRegistrar.swift */; };
		2DEF00A3014F96D514E22A21 /* LeofricAPI.swift in Sources */ = {isa = PBXBuildFile; fileRef = 3B1A61A06E15DCA1B8D39F7F /* LeofricAPI.swift */; };
		2EB6A82443A24BA8FD578E90 /* NodeStatus.swift in Sources */ = {isa = PBXBuildFile; fileRef = F9C0BE8774C27A641AD7CC12 /* NodeStatus.swift */; };
		3AE82D8DB0CD43AF2FAD7C9B /* ChatThreadView.swift in Sources */ = {isa = PBXBuildFile; fileRef = 3333E724E371E90EB855537B /* ChatThreadView.swift */; };
		6B909BB777DC14F8577F03F3 /* ConversationThread.swift in Sources */ = {isa = PBXBuildFile; fileRef = 512A858EA4AF0820F5F496D2 /* ConversationThread.swift */; };
		6EEFE326F93FE21D8CB90084 /* AlertsView.swift in Sources */ = {isa = PBXBuildFile; fileRef = 75F17D7AD9406586A7031199 /* AlertsView.swift */; };
		6FECFDBF2502E4FAF842A036 /* AlertDetailView.swift in Sources */ = {isa = PBXBuildFile; fileRef = 7ACCEFFAD71BD3A25911E774 /* AlertDetailView.swift */; };
		7F91B8C167D3C309A9371E66 /* ConversationMessage.swift in Sources */ = {isa = PBXBuildFile; fileRef = 0B5EE1B5B6381D93A92112CC /* ConversationMessage.swift */; };
		8482F070C7FA10995216FCD8 /* LeofricApp.swift in Sources */ = {isa = PBXBuildFile; fileRef = 40B80B7DF756E4A07B0F7649 /* LeofricApp.swift */; };
		8E20D9195783BB5A9C0E4129 /* LeofricAPITests.swift in Sources */ = {isa = PBXBuildFile; fileRef = EE68ECFAABF4588B3DB4D95B /* LeofricAPITests.swift */; };
		921BDB985402BF03002FF99A /* LiveFeedView.swift in Sources */ = {isa = PBXBuildFile; fileRef = 0F042367B42472AC81F32BF3 /* LiveFeedView.swift */; };
		9FC2B0B3B6BD94913A0BECFE /* NotificationService.appex in Embed Foundation Extensions */ = {isa = PBXBuildFile; fileRef = 67369047A538355EA1FE8A7A /* NotificationService.appex */; settings = {ATTRIBUTES = (RemoveHeadersOnCopy, ); }; };
		A459492643EC662A696CB700 /* ChatsListView.swift in Sources */ = {isa = PBXBuildFile; fileRef = E719B55BF9220A7E684672DD /* ChatsListView.swift */; };
		B4598A1BA7A32E90B79B275D /* MJPEGStreamReader.swift in Sources */ = {isa = PBXBuildFile; fileRef = 11FBD9CE2D88DB46CF20D73C /* MJPEGStreamReader.swift */; };
		C0F48E8E9D3CA47D3D4494D7 /* NotificationService.swift in Sources */ = {isa = PBXBuildFile; fileRef = 81B534506F85911DD3BE50B5 /* NotificationService.swift */; };
		DF0306E6B01713E916BEA840 /* Assets.xcassets in Resources */ = {isa = PBXBuildFile; fileRef = 8C307207B882CBB2955008D5 /* Assets.xcassets */; };
		F161ECC2B0122544B745D16D /* ConversationThreadTests.swift in Sources */ = {isa = PBXBuildFile; fileRef = 59A1C8222A78485AEB1789F1 /* ConversationThreadTests.swift */; };
		F43F84420BF678B400FC9435 /* AppSettingsTests.swift in Sources */ = {isa = PBXBuildFile; fileRef = 4803BD455BF0B806F87F664F /* AppSettingsTests.swift */; };
		F875A5D7D945D9A90D763C02 /* MJPEGStreamReaderTests.swift in Sources */ = {isa = PBXBuildFile; fileRef = A11788988102C5F223F31EB6 /* MJPEGStreamReaderTests.swift */; };
		F91895D63D7119277F77294D /* ImageCacheTests.swift in Sources */ = {isa = PBXBuildFile; fileRef = 7A7F3C2B48DFD2BD92BB21FA /* ImageCacheTests.swift */; };
/* End PBXBuildFile section */

/* Begin PBXContainerItemProxy section */
		0335BE2AE17E140D3D5AEBF0 /* PBXContainerItemProxy */ = {
			isa = PBXContainerItemProxy;
			containerPortal = 5BE5D80916082EF6FC489498 /* Project object */;
			proxyType = 1;
			remoteGlobalIDString = E32560322B76677DC2D0C035;
			remoteInfo = NotificationService;
		};
		1E895249DB551939C2D65E29 /* PBXContainerItemProxy */ = {
			isa = PBXContainerItemProxy;
			containerPortal = 5BE5D80916082EF6FC489498 /* Project object */;
			proxyType = 1;
			remoteGlobalIDString = 5381046CEA422F550C5F4248;
			remoteInfo = LeofricApp;
		};
/* End PBXContainerItemProxy section */

/* Begin PBXCopyFilesBuildPhase section */
		22076C22B0AF2B0ED9761F05 /* Embed Foundation Extensions */ = {
			isa = PBXCopyFilesBuildPhase;
			buildActionMask = 2147483647;
			dstPath = "";
			dstSubfolderSpec = 13;
			files = (
				9FC2B0B3B6BD94913A0BECFE /* NotificationService.appex in Embed Foundation Extensions */,
			);
			name = "Embed Foundation Extensions";
			runOnlyForDeploymentPostprocessing = 0;
		};
/* End PBXCopyFilesBuildPhase section */

/* Begin PBXFileReference section */
		0B5EE1B5B6381D93A92112CC /* ConversationMessage.swift */ = {isa = PBXFileReference; lastKnownFileType = sourcecode.swift; path = ConversationMessage.swift; sourceTree = "<group>"; };
		0F042367B42472AC81F32BF3 /* LiveFeedView.swift */ = {isa = PBXFileReference; lastKnownFileType = sourcecode.swift; path = LiveFeedView.swift; sourceTree = "<group>"; };
		11FBD9CE2D88DB46CF20D73C /* MJPEGStreamReader.swift */ = {isa = PBXFileReference; lastKnownFileType = sourcecode.swift; path = MJPEGStreamReader.swift; sourceTree = "<group>"; };
		3333E724E371E90EB855537B /* ChatThreadView.swift */ = {isa = PBXFileReference; lastKnownFileType = sourcecode.swift; path = ChatThreadView.swift; sourceTree = "<group>"; };
		3B1A61A06E15DCA1B8D39F7F /* LeofricAPI.swift */ = {isa = PBXFileReference; lastKnownFileType = sourcecode.swift; path = LeofricAPI.swift; sourceTree = "<group>"; };
		3D5F0BF5D98F005AD3FA81CD /* AppSettings.swift */ = {isa = PBXFileReference; lastKnownFileType = sourcecode.swift; path = AppSettings.swift; sourceTree = "<group>"; };
		40B80B7DF756E4A07B0F7649 /* LeofricApp.swift */ = {isa = PBXFileReference; lastKnownFileType = sourcecode.swift; path = LeofricApp.swift; sourceTree = "<group>"; };
		40CA773A1679A40EE927DFAE /* Info.plist */ = {isa = PBXFileReference; lastKnownFileType = text.plist; path = Info.plist; sourceTree = "<group>"; };
		4803BD455BF0B806F87F664F /* AppSettingsTests.swift */ = {isa = PBXFileReference; lastKnownFileType = sourcecode.swift; path = AppSettingsTests.swift; sourceTree = "<group>"; };
		512A858EA4AF0820F5F496D2 /* ConversationThread.swift */ = {isa = PBXFileReference; lastKnownFileType = sourcecode.swift; path = ConversationThread.swift; sourceTree = "<group>"; };
		59A1C8222A78485AEB1789F1 /* ConversationThreadTests.swift */ = {isa = PBXFileReference; lastKnownFileType = sourcecode.swift; path = ConversationThreadTests.swift; sourceTree = "<group>"; };
		5A9C49C80FE667C532AEAE36 /* LeofricAppTests.xctest */ = {isa = PBXFileReference; includeInIndex = 0; lastKnownFileType = wrapper.cfbundle; path = LeofricAppTests.xctest; sourceTree = BUILT_PRODUCTS_DIR; };
		67369047A538355EA1FE8A7A /* NotificationService.appex */ = {isa = PBXFileReference; includeInIndex = 0; lastKnownFileType = "wrapper.app-extension"; path = NotificationService.appex; sourceTree = BUILT_PRODUCTS_DIR; };
		6B9CC9F13831A8506447E9ED /* PushRegistrar.swift */ = {isa = PBXFileReference; lastKnownFileType = sourcecode.swift; path = PushRegistrar.swift; sourceTree = "<group>"; };
		6E17449B830705D3A9ED1C84 /* LeofricApp.app */ = {isa = PBXFileReference; includeInIndex = 0; lastKnownFileType = wrapper.application; path = LeofricApp.app; sourceTree = BUILT_PRODUCTS_DIR; };
		75F17D7AD9406586A7031199 /* AlertsView.swift */ = {isa = PBXFileReference; lastKnownFileType = sourcecode.swift; path = AlertsView.swift; sourceTree = "<group>"; };
		7A7F3C2B48DFD2BD92BB21FA /* ImageCacheTests.swift */ = {isa = PBXFileReference; lastKnownFileType = sourcecode.swift; path = ImageCacheTests.swift; sourceTree = "<group>"; };
		7ACCEFFAD71BD3A25911E774 /* AlertDetailView.swift */ = {isa = PBXFileReference; lastKnownFileType = sourcecode.swift; path = AlertDetailView.swift; sourceTree = "<group>"; };
		81B534506F85911DD3BE50B5 /* NotificationService.swift */ = {isa = PBXFileReference; lastKnownFileType = sourcecode.swift; path = NotificationService.swift; sourceTree = "<group>"; };
		8C307207B882CBB2955008D5 /* Assets.xcassets */ = {isa = PBXFileReference; lastKnownFileType = folder.assetcatalog; path = Assets.xcassets; sourceTree = "<group>"; };
		9940B33A218AD54544FF0CDB /* LeofricApp.entitlements */ = {isa = PBXFileReference; lastKnownFileType = text.plist.entitlements; path = LeofricApp.entitlements; sourceTree = "<group>"; };
		9CF35B036CCD194095EA2D78 /* LeofricEvent.swift */ = {isa = PBXFileReference; lastKnownFileType = sourcecode.swift; path = LeofricEvent.swift; sourceTree = "<group>"; };
		A11788988102C5F223F31EB6 /* MJPEGStreamReaderTests.swift */ = {isa = PBXFileReference; lastKnownFileType = sourcecode.swift; path = MJPEGStreamReaderTests.swift; sourceTree = "<group>"; };
		AE1B16CBE3AA90BADFA6B564 /* NotificationService.entitlements */ = {isa = PBXFileReference; lastKnownFileType = text.plist.entitlements; path = NotificationService.entitlements; sourceTree = "<group>"; };
		B4669A84F6FC6DCE6E82FB77 /* NodesView.swift */ = {isa = PBXFileReference; lastKnownFileType = sourcecode.swift; path = NodesView.swift; sourceTree = "<group>"; };
		B670A56AC6A88B38B21BCBE4 /* LeofricStore.swift */ = {isa = PBXFileReference; lastKnownFileType = sourcecode.swift; path = LeofricStore.swift; sourceTree = "<group>"; };
		B7DC614DA5C53C9E3DF8C10D /* Info.plist */ = {isa = PBXFileReference; lastKnownFileType = text.plist; path = Info.plist; sourceTree = "<group>"; };
		C3568B7B419F0410106892F0 /* ImageCache.swift */ = {isa = PBXFileReference; lastKnownFileType = sourcecode.swift; path = ImageCache.swift; sourceTree = "<group>"; };
		DFBD8D64C108A44C6CA9E05B /* RootTabView.swift */ = {isa = PBXFileReference; lastKnownFileType = sourcecode.swift; path = RootTabView.swift; sourceTree = "<group>"; };
		E719B55BF9220A7E684672DD /* ChatsListView.swift */ = {isa = PBXFileReference; lastKnownFileType = sourcecode.swift; path = ChatsListView.swift; sourceTree = "<group>"; };
		EE68ECFAABF4588B3DB4D95B /* LeofricAPITests.swift */ = {isa = PBXFileReference; lastKnownFileType = sourcecode.swift; path = LeofricAPITests.swift; sourceTree = "<group>"; };
		F9C0BE8774C27A641AD7CC12 /* NodeStatus.swift */ = {isa = PBXFileReference; lastKnownFileType = sourcecode.swift; path = NodeStatus.swift; sourceTree = "<group>"; };
		FCD2E658DA9B61B2A8AA2D3A /* SmokeTests.swift */ = {isa = PBXFileReference; lastKnownFileType = sourcecode.swift; path = SmokeTests.swift; sourceTree = "<group>"; };
/* End PBXFileReference section */

/* Begin PBXGroup section */
		0AA0F1698B8C0916019025A9 /* Streaming */ = {
			isa = PBXGroup;
			children = (
				11FBD9CE2D88DB46CF20D73C /* MJPEGStreamReader.swift */,
			);
			path = Streaming;
			sourceTree = "<group>";
		};
		121C154288F582FD8BF046B1 /* Store */ = {
			isa = PBXGroup;
			children = (
				B670A56AC6A88B38B21BCBE4 /* LeofricStore.swift */,
			);
			path = Store;
			sourceTree = "<group>";
		};
		31D1339A8D8A94EA8ACF2347 /* Notifications */ = {
			isa = PBXGroup;
			children = (
				6B9CC9F13831A8506447E9ED /* PushRegistrar.swift */,
			);
			path = Notifications;
			sourceTree = "<group>";
		};
		3F5C698B1B9DD641A4EF6076 /* LeofricAppTests */ = {
			isa = PBXGroup;
			children = (
				4803BD455BF0B806F87F664F /* AppSettingsTests.swift */,
				59A1C8222A78485AEB1789F1 /* ConversationThreadTests.swift */,
				7A7F3C2B48DFD2BD92BB21FA /* ImageCacheTests.swift */,
				EE68ECFAABF4588B3DB4D95B /* LeofricAPITests.swift */,
				A11788988102C5F223F31EB6 /* MJPEGStreamReaderTests.swift */,
				FCD2E658DA9B61B2A8AA2D3A /* SmokeTests.swift */,
			);
			path = LeofricAppTests;
			sourceTree = "<group>";
		};
		583E9F5CA57293C7DD695E4A /* NotificationService */ = {
			isa = PBXGroup;
			children = (
				B7DC614DA5C53C9E3DF8C10D /* Info.plist */,
				AE1B16CBE3AA90BADFA6B564 /* NotificationService.entitlements */,
				81B534506F85911DD3BE50B5 /* NotificationService.swift */,
			);
			path = NotificationService;
			sourceTree = "<group>";
		};
		5A775F6247C9CCD4CAECABF2 /* Support */ = {
			isa = PBXGroup;
			children = (
				C3568B7B419F0410106892F0 /* ImageCache.swift */,
			);
			path = Support;
			sourceTree = "<group>";
		};
		6784FDDD8A26D8AD939F869A = {
			isa = PBXGroup;
			children = (
				B9592B3A5A4FD04C865BA250 /* LeofricApp */,
				3F5C698B1B9DD641A4EF6076 /* LeofricAppTests */,
				583E9F5CA57293C7DD695E4A /* NotificationService */,
				CC387BC7B1B6F55828F1C284 /* Products */,
			);
			sourceTree = "<group>";
		};
		840E97178946DE6A743D7AE4 /* Models */ = {
			isa = PBXGroup;
			children = (
				0B5EE1B5B6381D93A92112CC /* ConversationMessage.swift */,
				512A858EA4AF0820F5F496D2 /* ConversationThread.swift */,
				9CF35B036CCD194095EA2D78 /* LeofricEvent.swift */,
				F9C0BE8774C27A641AD7CC12 /* NodeStatus.swift */,
			);
			path = Models;
			sourceTree = "<group>";
		};
		B9592B3A5A4FD04C865BA250 /* LeofricApp */ = {
			isa = PBXGroup;
			children = (
				8C307207B882CBB2955008D5 /* Assets.xcassets */,
				40CA773A1679A40EE927DFAE /* Info.plist */,
				9940B33A218AD54544FF0CDB /* LeofricApp.entitlements */,
				40B80B7DF756E4A07B0F7649 /* LeofricApp.swift */,
				840E97178946DE6A743D7AE4 /* Models */,
				D50D2081B9C961533BCAECCA /* Networking */,
				31D1339A8D8A94EA8ACF2347 /* Notifications */,
				C6408F15B6FAEEBD37CD8180 /* Settings */,
				121C154288F582FD8BF046B1 /* Store */,
				0AA0F1698B8C0916019025A9 /* Streaming */,
				5A775F6247C9CCD4CAECABF2 /* Support */,
				F928891EE511B3BD882E2EE3 /* Views */,
			);
			path = LeofricApp;
			sourceTree = "<group>";
		};
		C6408F15B6FAEEBD37CD8180 /* Settings */ = {
			isa = PBXGroup;
			children = (
				3D5F0BF5D98F005AD3FA81CD /* AppSettings.swift */,
			);
			path = Settings;
			sourceTree = "<group>";
		};
		CC387BC7B1B6F55828F1C284 /* Products */ = {
			isa = PBXGroup;
			children = (
				6E17449B830705D3A9ED1C84 /* LeofricApp.app */,
				5A9C49C80FE667C532AEAE36 /* LeofricAppTests.xctest */,
				67369047A538355EA1FE8A7A /* NotificationService.appex */,
			);
			name = Products;
			sourceTree = "<group>";
		};
		D50D2081B9C961533BCAECCA /* Networking */ = {
			isa = PBXGroup;
			children = (
				3B1A61A06E15DCA1B8D39F7F /* LeofricAPI.swift */,
			);
			path = Networking;
			sourceTree = "<group>";
		};
		F928891EE511B3BD882E2EE3 /* Views */ = {
			isa = PBXGroup;
			children = (
				7ACCEFFAD71BD3A25911E774 /* AlertDetailView.swift */,
				75F17D7AD9406586A7031199 /* AlertsView.swift */,
				E719B55BF9220A7E684672DD /* ChatsListView.swift */,
				3333E724E371E90EB855537B /* ChatThreadView.swift */,
				0F042367B42472AC81F32BF3 /* LiveFeedView.swift */,
				B4669A84F6FC6DCE6E82FB77 /* NodesView.swift */,
				DFBD8D64C108A44C6CA9E05B /* RootTabView.swift */,
			);
			path = Views;
			sourceTree = "<group>";
		};
/* End PBXGroup section */

/* Begin PBXNativeTarget section */
		5381046CEA422F550C5F4248 /* LeofricApp */ = {
			isa = PBXNativeTarget;
			buildConfigurationList = 7CEC99591F614EC7243FAF7D /* Build configuration list for PBXNativeTarget "LeofricApp" */;
			buildPhases = (
				E3697DC5C8518D25BE53542E /* Sources */,
				6414F309B561C6E5989F214C /* Resources */,
				22076C22B0AF2B0ED9761F05 /* Embed Foundation Extensions */,
			);
			buildRules = (
			);
			dependencies = (
				B741D43967D92AD982A08677 /* PBXTargetDependency */,
			);
			name = LeofricApp;
			packageProductDependencies = (
			);
			productName = LeofricApp;
			productReference = 6E17449B830705D3A9ED1C84 /* LeofricApp.app */;
			productType = "com.apple.product-type.application";
		};
		C1E7CEB89F85286BB5BD3E5F /* LeofricAppTests */ = {
			isa = PBXNativeTarget;
			buildConfigurationList = 5658029A275B4DD32B7D3BB6 /* Build configuration list for PBXNativeTarget "LeofricAppTests" */;
			buildPhases = (
				A8F7DB4BAB88573AFC0CE8A9 /* Sources */,
			);
			buildRules = (
			);
			dependencies = (
				3323B46E90D2872C22FB0A8B /* PBXTargetDependency */,
			);
			name = LeofricAppTests;
			packageProductDependencies = (
			);
			productName = LeofricAppTests;
			productReference = 5A9C49C80FE667C532AEAE36 /* LeofricAppTests.xctest */;
			productType = "com.apple.product-type.bundle.unit-test";
		};
		E32560322B76677DC2D0C035 /* NotificationService */ = {
			isa = PBXNativeTarget;
			buildConfigurationList = 71F78CBB699822C27C0822F1 /* Build configuration list for PBXNativeTarget "NotificationService" */;
			buildPhases = (
				932E3D03AC31E43ED61833E7 /* Sources */,
			);
			buildRules = (
			);
			dependencies = (
			);
			name = NotificationService;
			packageProductDependencies = (
			);
			productName = NotificationService;
			productReference = 67369047A538355EA1FE8A7A /* NotificationService.appex */;
			productType = "com.apple.product-type.app-extension";
		};
/* End PBXNativeTarget section */

/* Begin PBXProject section */
		5BE5D80916082EF6FC489498 /* Project object */ = {
			isa = PBXProject;
			attributes = {
				BuildIndependentTargetsInParallel = YES;
				LastUpgradeCheck = 1430;
				TargetAttributes = {
					5381046CEA422F550C5F4248 = {
						DevelopmentTeam = 9N735S4L4M;
						ProvisioningStyle = Automatic;
					};
					C1E7CEB89F85286BB5BD3E5F = {
						DevelopmentTeam = 9N735S4L4M;
						ProvisioningStyle = Automatic;
					};
					E32560322B76677DC2D0C035 = {
						DevelopmentTeam = 9N735S4L4M;
						ProvisioningStyle = Automatic;
					};
				};
			};
			buildConfigurationList = BB6D68997CD7461F7BE5FEF0 /* Build configuration list for PBXProject "LeofricApp" */;
			developmentRegion = en;
			hasScannedForEncodings = 0;
			knownRegions = (
				Base,
				en,
			);
			mainGroup = 6784FDDD8A26D8AD939F869A;
			minimizedProjectReferenceProxies = 1;
			preferredProjectObjectVersion = 77;
			productRefGroup = CC387BC7B1B6F55828F1C284 /* Products */;
			projectDirPath = "";
			projectRoot = "";
			targets = (
				5381046CEA422F550C5F4248 /* LeofricApp */,
				C1E7CEB89F85286BB5BD3E5F /* LeofricAppTests */,
				E32560322B76677DC2D0C035 /* NotificationService */,
			);
		};
/* End PBXProject section */

/* Begin PBXResourcesBuildPhase section */
		6414F309B561C6E5989F214C /* Resources */ = {
			isa = PBXResourcesBuildPhase;
			buildActionMask = 2147483647;
			files = (
				DF0306E6B01713E916BEA840 /* Assets.xcassets in Resources */,
			);
			runOnlyForDeploymentPostprocessing = 0;
		};
/* End PBXResourcesBuildPhase section */

/* Begin PBXSourcesBuildPhase section */
		932E3D03AC31E43ED61833E7 /* Sources */ = {
			isa = PBXSourcesBuildPhase;
			buildActionMask = 2147483647;
			files = (
				C0F48E8E9D3CA47D3D4494D7 /* NotificationService.swift in Sources */,
			);
			runOnlyForDeploymentPostprocessing = 0;
		};
		A8F7DB4BAB88573AFC0CE8A9 /* Sources */ = {
			isa = PBXSourcesBuildPhase;
			buildActionMask = 2147483647;
			files = (
				F43F84420BF678B400FC9435 /* AppSettingsTests.swift in Sources */,
				F161ECC2B0122544B745D16D /* ConversationThreadTests.swift in Sources */,
				F91895D63D7119277F77294D /* ImageCacheTests.swift in Sources */,
				8E20D9195783BB5A9C0E4129 /* LeofricAPITests.swift in Sources */,
				F875A5D7D945D9A90D763C02 /* MJPEGStreamReaderTests.swift in Sources */,
				1F2F03F115870B450642178A /* SmokeTests.swift in Sources */,
			);
			runOnlyForDeploymentPostprocessing = 0;
		};
		E3697DC5C8518D25BE53542E /* Sources */ = {
			isa = PBXSourcesBuildPhase;
			buildActionMask = 2147483647;
			files = (
				6FECFDBF2502E4FAF842A036 /* AlertDetailView.swift in Sources */,
				6EEFE326F93FE21D8CB90084 /* AlertsView.swift in Sources */,
				013D6EC0EF16E16C2FE3C225 /* AppSettings.swift in Sources */,
				3AE82D8DB0CD43AF2FAD7C9B /* ChatThreadView.swift in Sources */,
				A459492643EC662A696CB700 /* ChatsListView.swift in Sources */,
				7F91B8C167D3C309A9371E66 /* ConversationMessage.swift in Sources */,
				6B909BB777DC14F8577F03F3 /* ConversationThread.swift in Sources */,
				299C3847682A0403B359FDCE /* ImageCache.swift in Sources */,
				2DEF00A3014F96D514E22A21 /* LeofricAPI.swift in Sources */,
				8482F070C7FA10995216FCD8 /* LeofricApp.swift in Sources */,
				0302DD2FD07EB7692A32A053 /* LeofricEvent.swift in Sources */,
				26A9BAD6E20470C1FD4D3FC6 /* LeofricStore.swift in Sources */,
				921BDB985402BF03002FF99A /* LiveFeedView.swift in Sources */,
				B4598A1BA7A32E90B79B275D /* MJPEGStreamReader.swift in Sources */,
				2EB6A82443A24BA8FD578E90 /* NodeStatus.swift in Sources */,
				25B7CF72D6C379B94B8B775F /* NodesView.swift in Sources */,
				2BD7281FA81E5ACF6190CD17 /* PushRegistrar.swift in Sources */,
				0663FD07DB20DBD8B9483431 /* RootTabView.swift in Sources */,
			);
			runOnlyForDeploymentPostprocessing = 0;
		};
/* End PBXSourcesBuildPhase section */

/* Begin PBXTargetDependency section */
		3323B46E90D2872C22FB0A8B /* PBXTargetDependency */ = {
			isa = PBXTargetDependency;
			target = 5381046CEA422F550C5F4248 /* LeofricApp */;
			targetProxy = 1E895249DB551939C2D65E29 /* PBXContainerItemProxy */;
		};
		B741D43967D92AD982A08677 /* PBXTargetDependency */ = {
			isa = PBXTargetDependency;
			target = E32560322B76677DC2D0C035 /* NotificationService */;
			targetProxy = 0335BE2AE17E140D3D5AEBF0 /* PBXContainerItemProxy */;
		};
/* End PBXTargetDependency section */

/* Begin XCBuildConfiguration section */
		16ED325E46102E51A1074FF1 /* Release */ = {
			isa = XCBuildConfiguration;
			buildSettings = {
				BUNDLE_LOADER = "$(TEST_HOST)";
				GENERATE_INFOPLIST_FILE = YES;
				LD_RUNPATH_SEARCH_PATHS = (
					"$(inherited)",
					"@executable_path/Frameworks",
					"@loader_path/Frameworks",
				);
				PRODUCT_BUNDLE_IDENTIFIER = com.danefroelicher.LeofricAppTests;
				SDKROOT = iphoneos;
				TARGETED_DEVICE_FAMILY = "1,2";
				TEST_HOST = "$(BUILT_PRODUCTS_DIR)/LeofricApp.app/LeofricApp";
			};
			name = Release;
		};
		5087FDD99EC9CE40CEC92456 /* Debug */ = {
			isa = XCBuildConfiguration;
			buildSettings = {
				ALWAYS_SEARCH_USER_PATHS = NO;
				CLANG_ANALYZER_NONNULL = YES;
				CLANG_ANALYZER_NUMBER_OBJECT_CONVERSION = YES_AGGRESSIVE;
				CLANG_CXX_LANGUAGE_STANDARD = "gnu++14";
				CLANG_CXX_LIBRARY = "libc++";
				CLANG_ENABLE_MODULES = YES;
				CLANG_ENABLE_OBJC_ARC = YES;
				CLANG_ENABLE_OBJC_WEAK = YES;
				CLANG_WARN_BLOCK_CAPTURE_AUTORELEASING = YES;
				CLANG_WARN_BOOL_CONVERSION = YES;
				CLANG_WARN_COMMA = YES;
				CLANG_WARN_CONSTANT_CONVERSION = YES;
				CLANG_WARN_DEPRECATED_OBJC_IMPLEMENTATIONS = YES;
				CLANG_WARN_DIRECT_OBJC_ISA_USAGE = YES_ERROR;
				CLANG_WARN_DOCUMENTATION_COMMENTS = YES;
				CLANG_WARN_EMPTY_BODY = YES;
				CLANG_WARN_ENUM_CONVERSION = YES;
				CLANG_WARN_INFINITE_RECURSION = YES;
				CLANG_WARN_INT_CONVERSION = YES;
				CLANG_WARN_NON_LITERAL_NULL_CONVERSION = YES;
				CLANG_WARN_OBJC_IMPLICIT_RETAIN_SELF = YES;
				CLANG_WARN_OBJC_LITERAL_CONVERSION = YES;
				CLANG_WARN_OBJC_ROOT_CLASS = YES_ERROR;
				CLANG_WARN_QUOTED_INCLUDE_IN_FRAMEWORK_HEADER = YES;
				CLANG_WARN_RANGE_LOOP_ANALYSIS = YES;
				CLANG_WARN_STRICT_PROTOTYPES = YES;
				CLANG_WARN_SUSPICIOUS_MOVE = YES;
				CLANG_WARN_UNGUARDED_AVAILABILITY = YES_AGGRESSIVE;
				CLANG_WARN_UNREACHABLE_CODE = YES;
				CLANG_WARN__DUPLICATE_METHOD_MATCH = YES;
				CODE_SIGN_STYLE = Automatic;
				COPY_PHASE_STRIP = NO;
				DEBUG_INFORMATION_FORMAT = dwarf;
				DEVELOPMENT_TEAM = 9N735S4L4M;
				ENABLE_STRICT_OBJC_MSGSEND = YES;
				ENABLE_TESTABILITY = YES;
				GCC_C_LANGUAGE_STANDARD = gnu11;
				GCC_DYNAMIC_NO_PIC = NO;
				GCC_NO_COMMON_BLOCKS = YES;
				GCC_OPTIMIZATION_LEVEL = 0;
				GCC_PREPROCESSOR_DEFINITIONS = (
					"$(inherited)",
					"DEBUG=1",
				);
				GCC_WARN_64_TO_32_BIT_CONVERSION = YES;
				GCC_WARN_ABOUT_RETURN_TYPE = YES_ERROR;
				GCC_WARN_UNDECLARED_SELECTOR = YES;
				GCC_WARN_UNINITIALIZED_AUTOS = YES_AGGRESSIVE;
				GCC_WARN_UNUSED_FUNCTION = YES;
				GCC_WARN_UNUSED_VARIABLE = YES;
				IPHONEOS_DEPLOYMENT_TARGET = 17.0;
				MTL_ENABLE_DEBUG_INFO = INCLUDE_SOURCE;
				MTL_FAST_MATH = YES;
				ONLY_ACTIVE_ARCH = YES;
				PRODUCT_NAME = "$(TARGET_NAME)";
				SDKROOT = iphoneos;
				SWIFT_ACTIVE_COMPILATION_CONDITIONS = DEBUG;
				SWIFT_OPTIMIZATION_LEVEL = "-Onone";
				SWIFT_VERSION = 5.0;
			};
			name = Debug;
		};
		82E7264AACE19BE76FFB58C5 /* Debug */ = {
			isa = XCBuildConfiguration;
			buildSettings = {
				ASSETCATALOG_COMPILER_APPICON_NAME = AppIcon;
				CODE_SIGN_ENTITLEMENTS = LeofricApp/LeofricApp.entitlements;
				CODE_SIGN_IDENTITY = "iPhone Developer";
				INFOPLIST_FILE = LeofricApp/Info.plist;
				LD_RUNPATH_SEARCH_PATHS = (
					"$(inherited)",
					"@executable_path/Frameworks",
				);
				PRODUCT_BUNDLE_IDENTIFIER = com.danefroelicher.Leofric;
				SDKROOT = iphoneos;
				TARGETED_DEVICE_FAMILY = 1;
			};
			name = Debug;
		};
		839B13B9CF8DABB07E9BAF7C /* Debug */ = {
			isa = XCBuildConfiguration;
			buildSettings = {
				CODE_SIGN_ENTITLEMENTS = NotificationService/NotificationService.entitlements;
				INFOPLIST_FILE = NotificationService/Info.plist;
				LD_RUNPATH_SEARCH_PATHS = (
					"$(inherited)",
					"@executable_path/Frameworks",
					"@executable_path/../../Frameworks",
				);
				PRODUCT_BUNDLE_IDENTIFIER = com.danefroelicher.Leofric.NotificationService;
				SDKROOT = iphoneos;
				TARGETED_DEVICE_FAMILY = "1,2";
			};
			name = Debug;
		};
		884C455B2093087645D3FF5B /* Release */ = {
			isa = XCBuildConfiguration;
			buildSettings = {
				CODE_SIGN_ENTITLEMENTS = NotificationService/NotificationService.entitlements;
				INFOPLIST_FILE = NotificationService/Info.plist;
				LD_RUNPATH_SEARCH_PATHS = (
					"$(inherited)",
					"@executable_path/Frameworks",
					"@executable_path/../../Frameworks",
				);
				PRODUCT_BUNDLE_IDENTIFIER = com.danefroelicher.Leofric.NotificationService;
				SDKROOT = iphoneos;
				TARGETED_DEVICE_FAMILY = "1,2";
			};
			name = Release;
		};
		BC4CAACF5325DC6216303565 /* Release */ = {
			isa = XCBuildConfiguration;
			buildSettings = {
				ASSETCATALOG_COMPILER_APPICON_NAME = AppIcon;
				CODE_SIGN_ENTITLEMENTS = LeofricApp/LeofricApp.entitlements;
				CODE_SIGN_IDENTITY = "iPhone Developer";
				INFOPLIST_FILE = LeofricApp/Info.plist;
				LD_RUNPATH_SEARCH_PATHS = (
					"$(inherited)",
					"@executable_path/Frameworks",
				);
				PRODUCT_BUNDLE_IDENTIFIER = com.danefroelicher.Leofric;
				SDKROOT = iphoneos;
				TARGETED_DEVICE_FAMILY = 1;
			};
			name = Release;
		};
		BDF9B37B6C467C8B8FD4BB83 /* Release */ = {
			isa = XCBuildConfiguration;
			buildSettings = {
				ALWAYS_SEARCH_USER_PATHS = NO;
				CLANG_ANALYZER_NONNULL = YES;
				CLANG_ANALYZER_NUMBER_OBJECT_CONVERSION = YES_AGGRESSIVE;
				CLANG_CXX_LANGUAGE_STANDARD = "gnu++14";
				CLANG_CXX_LIBRARY = "libc++";
				CLANG_ENABLE_MODULES = YES;
				CLANG_ENABLE_OBJC_ARC = YES;
				CLANG_ENABLE_OBJC_WEAK = YES;
				CLANG_WARN_BLOCK_CAPTURE_AUTORELEASING = YES;
				CLANG_WARN_BOOL_CONVERSION = YES;
				CLANG_WARN_COMMA = YES;
				CLANG_WARN_CONSTANT_CONVERSION = YES;
				CLANG_WARN_DEPRECATED_OBJC_IMPLEMENTATIONS = YES;
				CLANG_WARN_DIRECT_OBJC_ISA_USAGE = YES_ERROR;
				CLANG_WARN_DOCUMENTATION_COMMENTS = YES;
				CLANG_WARN_EMPTY_BODY = YES;
				CLANG_WARN_ENUM_CONVERSION = YES;
				CLANG_WARN_INFINITE_RECURSION = YES;
				CLANG_WARN_INT_CONVERSION = YES;
				CLANG_WARN_NON_LITERAL_NULL_CONVERSION = YES;
				CLANG_WARN_OBJC_IMPLICIT_RETAIN_SELF = YES;
				CLANG_WARN_OBJC_LITERAL_CONVERSION = YES;
				CLANG_WARN_OBJC_ROOT_CLASS = YES_ERROR;
				CLANG_WARN_QUOTED_INCLUDE_IN_FRAMEWORK_HEADER = YES;
				CLANG_WARN_RANGE_LOOP_ANALYSIS = YES;
				CLANG_WARN_STRICT_PROTOTYPES = YES;
				CLANG_WARN_SUSPICIOUS_MOVE = YES;
				CLANG_WARN_UNGUARDED_AVAILABILITY = YES_AGGRESSIVE;
				CLANG_WARN_UNREACHABLE_CODE = YES;
				CLANG_WARN__DUPLICATE_METHOD_MATCH = YES;
				CODE_SIGN_STYLE = Automatic;
				COPY_PHASE_STRIP = NO;
				DEBUG_INFORMATION_FORMAT = "dwarf-with-dsym";
				DEVELOPMENT_TEAM = 9N735S4L4M;
				ENABLE_NS_ASSERTIONS = NO;
				ENABLE_STRICT_OBJC_MSGSEND = YES;
				GCC_C_LANGUAGE_STANDARD = gnu11;
				GCC_NO_COMMON_BLOCKS = YES;
				GCC_WARN_64_TO_32_BIT_CONVERSION = YES;
				GCC_WARN_ABOUT_RETURN_TYPE = YES_ERROR;
				GCC_WARN_UNDECLARED_SELECTOR = YES;
				GCC_WARN_UNINITIALIZED_AUTOS = YES_AGGRESSIVE;
				GCC_WARN_UNUSED_FUNCTION = YES;
				GCC_WARN_UNUSED_VARIABLE = YES;
				IPHONEOS_DEPLOYMENT_TARGET = 17.0;
				MTL_ENABLE_DEBUG_INFO = NO;
				MTL_FAST_MATH = YES;
				PRODUCT_NAME = "$(TARGET_NAME)";
				SDKROOT = iphoneos;
				SWIFT_COMPILATION_MODE = wholemodule;
				SWIFT_OPTIMIZATION_LEVEL = "-O";
				SWIFT_VERSION = 5.0;
			};
			name = Release;
		};
		DB88C00AA251409E7A501F9F /* Debug */ = {
			isa = XCBuildConfiguration;
			buildSettings = {
				BUNDLE_LOADER = "$(TEST_HOST)";
				GENERATE_INFOPLIST_FILE = YES;
				LD_RUNPATH_SEARCH_PATHS = (
					"$(inherited)",
					"@executable_path/Frameworks",
					"@loader_path/Frameworks",
				);
				PRODUCT_BUNDLE_IDENTIFIER = com.danefroelicher.LeofricAppTests;
				SDKROOT = iphoneos;
				TARGETED_DEVICE_FAMILY = "1,2";
				TEST_HOST = "$(BUILT_PRODUCTS_DIR)/LeofricApp.app/LeofricApp";
			};
			name = Debug;
		};
/* End XCBuildConfiguration section */

/* Begin XCConfigurationList section */
		5658029A275B4DD32B7D3BB6 /* Build configuration list for PBXNativeTarget "LeofricAppTests" */ = {
			isa = XCConfigurationList;
			buildConfigurations = (
				DB88C00AA251409E7A501F9F /* Debug */,
				16ED325E46102E51A1074FF1 /* Release */,
			);
			defaultConfigurationIsVisible = 0;
			defaultConfigurationName = Debug;
		};
		71F78CBB699822C27C0822F1 /* Build configuration list for PBXNativeTarget "NotificationService" */ = {
			isa = XCConfigurationList;
			buildConfigurations = (
				839B13B9CF8DABB07E9BAF7C /* Debug */,
				884C455B2093087645D3FF5B /* Release */,
			);
			defaultConfigurationIsVisible = 0;
			defaultConfigurationName = Debug;
		};
		7CEC99591F614EC7243FAF7D /* Build configuration list for PBXNativeTarget "LeofricApp" */ = {
			isa = XCConfigurationList;
			buildConfigurations = (
				82E7264AACE19BE76FFB58C5 /* Debug */,
				BC4CAACF5325DC6216303565 /* Release */,
			);
			defaultConfigurationIsVisible = 0;
			defaultConfigurationName = Debug;
		};
		BB6D68997CD7461F7BE5FEF0 /* Build configuration list for PBXProject "LeofricApp" */ = {
			isa = XCConfigurationList;
			buildConfigurations = (
				5087FDD99EC9CE40CEC92456 /* Debug */,
				BDF9B37B6C467C8B8FD4BB83 /* Release */,
			);
			defaultConfigurationIsVisible = 0;
			defaultConfigurationName = Debug;
		};
/* End XCConfigurationList section */
	};
	rootObject = 5BE5D80916082EF6FC489498 /* Project object */;
}
